// !$*UTF8*$!
{
	archiveVersion = 1;
	classes = {
	};
	objectVersion = 77;
	objects = {

/* Begin PBXBuildFile section */
		BFC8D8502EEDF000004235B2 /* MSTShareViewController.m in Sources */ = {isa = PBXBuildFile; fileRef = BFC8D8042EEDF000004235B2 /* MSTShareViewController.m */; };
		BFC8D8602EEDF000004235B2 /* MistShareExtension.appex in Embed Extensions */ = {isa = PBXBuildFile; fileRef = BFC8D80D2EEDF000004235B2 /* MistShareExtension.appex */; settings = {ATTRIBUTES = (CodeSignOnCopy, RemoveHeadersOnCopy, ); }; };
/* End PBXBuildFile section */

/* Begin PBXContainerItemProxy section */
		BFC8D8482EEDF000004235B2 /* PBXContainerItemProxy */ = {
			isa = PBXContainerItemProxy;
			containerPortal = BFC8D5EB2EEDA414004235B2 /* Project object */;
			proxyType = 1;
			remoteGlobalIDString = BFC8D8402EEDF000004235B2;
			remoteInfo = MistShareExtension;
		};
/* End PBXContainerItemProxy section */

/* Begin PBXCopyFilesBuildPhase section */
		BFC8D8362EEDF000004235B2 /* Embed Extensions */ = {
			isa = PBXCopyFilesBuildPhase;
			buildActionMask = 2147483647;
			dstPath = "";
			dstSubfolderSpec = 13;
			files = (
				BFC8D8602EEDF000004235B2 /* MistShareExtension.appex in Embed Extensions */,
			);
			name = "Embed Extensions";
			runOnlyForDeploymentPostprocessing = 0;
		};
/* End PBXCopyFilesBuildPhase section */

/* Begin PBXFileReference section */
		BFC8D5F32EEDA414004235B2 /* Mist.app */ = {isa = PBXFileReference; explicitFileType = wrapper.application; includeInIndex = 0; path = Mist.app; sourceTree = BUILT_PRODUCTS_DIR; };
		BFC8D8012EEDF000004235B2 /* Mist/Services/MSTUploadHelper.h */ = {isa = PBXFileReference; lastKnownFileType = sourcecode.c.h; path = Mist/Services/MSTUploadHelper.h; sourceTree = "<group>"; };
		BFC8D8022EEDF000004235B2 /* Mist/Services/MSTUploadHelper.m */ = {isa = PBXFileReference; lastKnownFileType = sourcecode.c.objc; path = Mist/Services/MSTUploadHelper.m; sourceTree = "<group>"; };
		BFC8D8032EEDF000004235B2 /* MSTShareViewController.h */ = {isa = PBXFileReference; lastKnownFileType = sourcecode.c.h; path = MSTShareViewController.h; sourceTree = "<group>"; };
		BFC8D8042EEDF000004235B2 /* MSTShareViewController.m */ = {isa = PBXFileReference; lastKnownFileType = sourcecode.c.objc; path = MSTShareViewController.m; sourceTree = "<group>"; };
		BFC8D8052EEDF000004235B2 /* Info.plist */ = {isa = PBXFileReference; lastKnownFileType = text.plist.xml; path = Info.plist; sourceTree = "<group>"; };
		BFC8D8062EEDF000004235B2 /* ShareExtension.entitlements */ = {isa = PBXFileReference; lastKnownFileType = text.plist.entitlements; path = ShareExtension.entitlements; sourceTree = "<group>"; };
		BFC8D80D2EEDF000004235B2 /* MistShareExtension.appex */ = {isa = PBXFileReference; explicitFileType = "wrapper.app-extension"; includeInIndex = 0; path = MistShareExtension.appex; sourceTree = BUILT_PRODUCTS_DIR; };
		BFC8D80F2EEDF000004235B2 /* Mist/App/MSTConstants.h */ = {isa = PBXFileReference; lastKnownFileType = sourcecode.c.h; path = Mist/App/MSTConstants.h; sourceTree = "<group>"; };
		BFC8D8102EEDF000004235B2 /* Mist/App/MSTConstants.m */ = {isa = PBXFileReference; lastKnownFileType = sourcecode.c.objc; path = Mist/App/MSTConstants.m; sourceTree = "<group>"; };
		BFC8D8112EEDF000004235B2 /* Mist/Services/MSTConfigManager.h */ = {isa = PBXFileReference; lastKnownFileType = sourcecode.c.h; path = Mist/Services/MSTConfigManager.h; sourceTree = "<group>"; };
		BFC8D8122EEDF000004235B2 /* Mist/Services/MSTConfigManager.m */ = {isa = PBXFileReference; lastKnownFileType = sourcecode.c.objc; path = Mist/Services/MSTConfigManager.m; sourceTree = "<group>"; };
		BFC8D8132EEDF000004235B2 /* Mist/Services/MSTS3Uploader.h */ = {isa = PBXFileReference; lastKnownFileType = sourcecode.c.h; path = Mist/Services/MSTS3Uploader.h; sourceTree = "<group>"; };
		BFC8D8142EEDF000004235B2 /* Mist/Services/MSTS3Uploader.m */ = {isa = PBXFileReference; lastKnownFileType = sourcecode.c.objc; path = Mist/Services/MSTS3Uploader.m; sourceTree = "<group>"; };
		BFC8D8152EEDF000004235B2 /* Mist/Models/MSTS3HostConfig.h */ = {isa = PBXFileReference; lastKnownFileType = sourcecode.c.h; path = Mist/Models/MSTS3HostConfig.h; sourceTree = "<group>"; };
		BFC8D8162EEDF000004235B2 /* Mist/Models/MSTS3HostConfig.m */ = {isa = PBXFileReference; lastKnownFileType = sourcecode.c.objc; path = Mist/Models/MSTS3HostConfig.m; sourceTree = "<group>"; };
		BFC8D8172EEDF000004235B2 /* Mist/Models/MSTS3Region.h */ = {isa = PBXFileReference; lastKnownFileType = sourcecode.c.h; path = Mist/Models/MSTS3Region.h; sourceTree = "<group>"; };
		BFC8D8182EEDF000004235B2 /* Mist/Models/MSTS3Region.m */ = {isa = PBXFileReference; lastKnownFileType = sourcecode.c.objc; path = Mist/Models/MSTS3Region.m; sourceTree = "<group>"; };
/* End PBXFileReference section */

/* Begin PBXFileSystemSynchronizedBuildFileExceptionSet section */
		BF4A51A92EEE1D7C0072FB14 /* Exceptions for "Mist" folder in "MistShareExtension" target */ = {
			isa = PBXFileSystemSynchronizedBuildFileExceptionSet;
			membershipExceptions = (
				App/MSTConstants.m,
				Services/MSTiCloudSyncManager.m,
			);
			target = BFC8D8402EEDF000004235B2 /* MistShareExtension */;
		};
		BFC8D6102EEDD000004235B2 /* Exceptions for "Mist" folder in "Mist" target */ = {
			isa = PBXFileSystemSynchronizedBuildFileExceptionSet;
			membershipExceptions = (
				Info.plist,
			);
			target = BFC8D5F22EEDA414004235B2 /* Mist */;
		};
/* End PBXFileSystemSynchronizedBuildFileExceptionSet section */

/* Begin PBXFileSystemSynchronizedRootGroup section */
		BFC8D5F52EEDA414004235B2 /* Mist */ = {
			isa = PBXFileSystemSynchronizedRootGroup;
			exceptions = (
				BFC8D6102EEDD000004235B2 /* Exceptions for "Mist" folder in "Mist" target */,
				BF4A51A92EEE1D7C0072FB14 /* Exceptions for "Mist" folder in "MistShareExtension" target */,
			);
			path = Mist;
			sourceTree = "<group>";
		};
/* End PBXFileSystemSynchronizedRootGroup section */

/* Begin PBXFrameworksBuildPhase section */
		BFC8D5F02EEDA414004235B2 /* Frameworks */ = {
			isa = PBXFrameworksBuildPhase;
			buildActionMask = 2147483647;
			files = (
			);
			runOnlyForDeploymentPostprocessing = 0;
		};
		BFC8D8312EEDF000004235B2 /* Frameworks */ = {
			isa = PBXFrameworksBuildPhase;
			buildActionMask = 2147483647;
			files = (
			);
			runOnlyForDeploymentPostprocessing = 0;
		};
/* End PBXFrameworksBuildPhase section */

/* Begin PBXGroup section */
		BFC8D5EA2EEDA414004235B2 = {
			isa = PBXGroup;
			children = (
				BFC8D5F52EEDA414004235B2 /* Mist */,
				BFC8D8202EEDF000004235B2 /* SharedSources */,
				BFC8D8212EEDF000004235B2 /* ShareExtension */,
				BFC8D5F42EEDA414004235B2 /* Products */,
			);
			sourceTree = "<group>";
		};
		BFC8D5F42EEDA414004235B2 /* Products */ = {
			isa = PBXGroup;
			children = (
				BFC8D5F32EEDA414004235B2 /* Mist.app */,
				BFC8D80D2EEDF000004235B2 /* MistShareExtension.appex */,
			);
			name = Products;
			sourceTree = "<group>";
		};
		BFC8D8202EEDF000004235B2 /* SharedSources */ = {
			isa = PBXGroup;
			children = (
				BFC8D80F2EEDF000004235B2 /* Mist/App/MSTConstants.h */,
				BFC8D8102EEDF000004235B2 /* Mist/App/MSTConstants.m */,
				BFC8D8112EEDF000004235B2 /* Mist/Services/MSTConfigManager.h */,
				BFC8D8122EEDF000004235B2 /* Mist/Services/MSTConfigManager.m */,
				BFC8D8132EEDF000004235B2 /* Mist/Services/MSTS3Uploader.h */,
				BFC8D8142EEDF000004235B2 /* Mist/Services/MSTS3Uploader.m */,
				BFC8D8152EEDF000004235B2 /* Mist/Models/MSTS3HostConfig.h */,
				BFC8D8162EEDF000004235B2 /* Mist/Models/MSTS3HostConfig.m */,
				BFC8D8172EEDF000004235B2 /* Mist/Models/MSTS3Region.h */,
				BFC8D8182EEDF000004235B2 /* Mist/Models/MSTS3Region.m */,
				BFC8D8012EEDF000004235B2 /* Mist/Services/MSTUploadHelper.h */,
				BFC8D8022EEDF000004235B2 /* Mist/Services/MSTUploadHelper.m */,
			);
			name = SharedSources;
			sourceTree = "<group>";
		};
		BFC8D8212EEDF000004235B2 /* ShareExtension */ = {
			isa = PBXGroup;
			children = (
				BFC8D8052EEDF000004235B2 /* Info.plist */,
				BFC8D8062EEDF000004235B2 /* ShareExtension.entitlements */,
				BFC8D8032EEDF000004235B2 /* MSTShareViewController.h */,
				BFC8D8042EEDF000004235B2 /* MSTShareViewController.m */,
			);
			path = ShareExtension;
			sourceTree = "<group>";
		};
/* End PBXGroup section */

/* Begin PBXNativeTarget section */
		BFC8D5F22EEDA414004235B2 /* Mist */ = {
			isa = PBXNativeTarget;
			buildConfigurationList = BFC8D5FE2EEDA415004235B2 /* Build configuration list for PBXNativeTarget "Mist" */;
			buildPhases = (
				BFC8D5EF2EEDA414004235B2 /* Sources */,
				BFC8D5F02EEDA414004235B2 /* Frameworks */,
				BFC8D5F12EEDA414004235B2 /* Resources */,
				BFC8D8362EEDF000004235B2 /* Embed Extensions */,
			);
			buildRules = (
			);
			dependencies = (
				BFC8D84A2EEDF000004235B2 /* PBXTargetDependency */,
			);
			fileSystemSynchronizedGroups = (
				BFC8D5F52EEDA414004235B2 /* Mist */,
			);
			name = Mist;
			packageProductDependencies = (
			);
			productName = Mist;
			productReference = BFC8D5F32EEDA414004235B2 /* Mist.app */;
			productType = "com.apple.product-type.application";
		};
		BFC8D8402EEDF000004235B2 /* MistShareExtension */ = {
			isa = PBXNativeTarget;
			buildConfigurationList = BFC8D8442EEDF000004235B2 /* Build configuration list for PBXNativeTarget "MistShareExtension" */;
			buildPhases = (
				BFC8D8302EEDF000004235B2 /* Sources */,
				BFC8D8312EEDF000004235B2 /* Frameworks */,
				BFC8D8322EEDF000004235B2 /* Resources */,
			);
			buildRules = (
			);
			dependencies = (
			);
			name = MistShareExtension;
			productName = MistShareExtension;
			productReference = BFC8D80D2EEDF000004235B2 /* MistShareExtension.appex */;
			productType = "com.apple.product-type.app-extension";
		};
/* End PBXNativeTarget section */

/* Begin PBXProject section */
		BFC8D5EB2EEDA414004235B2 /* Project object */ = {
			isa = PBXProject;
			attributes = {
				BuildIndependentTargetsInParallel = 1;
				LastSwiftUpdateCheck = 2620;
				LastUpgradeCheck = 2620;
				TargetAttributes = {
					BFC8D5F22EEDA414004235B2 = {
						CreatedOnToolsVersion = 26.2;
					};
					BFC8D8402EEDF000004235B2 = {
						CreatedOnToolsVersion = 26.2;
					};
				};
			};
			buildConfigurationList = BFC8D5EE2EEDA414004235B2 /* Build configuration list for PBXProject "Mist" */;
			developmentRegion = en;
			hasScannedForEncodings = 0;
			knownRegions = (
				en,
				Base,
			);
			mainGroup = BFC8D5EA2EEDA414004235B2;
			minimizedProjectReferenceProxies = 1;
			preferredProjectObjectVersion = 77;
			productRefGroup = BFC8D5F42EEDA414004235B2 /* Products */;
			projectDirPath = "";
			projectRoot = "";
			targets = (
				BFC8D5F22EEDA414004235B2 /* Mist */,
				BFC8D8402EEDF000004235B2 /* MistShareExtension */,
			);
		};
/* End PBXProject section */

/* Begin PBXResourcesBuildPhase section */
		BFC8D5F12EEDA414004235B2 /* Resources */ = {
			isa = PBXResourcesBuildPhase;
			buildActionMask = 2147483647;
			files = (
			);
			runOnlyForDeploymentPostprocessing = 0;
		};
		BFC8D8322EEDF000004235B2 /* Resources */ = {
			isa = PBXResourcesBuildPhase;
			buildActionMask = 2147483647;
			files = (
			);
			runOnlyForDeploymentPostprocessing = 0;
		};
/* End PBXResourcesBuildPhase section */

/* Begin PBXSourcesBuildPhase section */
		BFC8D5EF2EEDA414004235B2 /* Sources */ = {
			isa = PBXSourcesBuildPhase;
			buildActionMask = 2147483647;
			files = (
			);
			runOnlyForDeploymentPostprocessing = 0;
		};
		BFC8D8302EEDF000004235B2 /* Sources */ = {
			isa = PBXSourcesBuildPhase;
			buildActionMask = 2147483647;
			files = (
				BFC8D8502EEDF000004235B2 /* MSTShareViewController.m in Sources */,
			);
			runOnlyForDeploymentPostprocessing = 0;
		};
/* End PBXSourcesBuildPhase section */

/* Begin PBXTargetDependency section */
		BFC8D84A2EEDF000004235B2 /* PBXTargetDependency */ = {
			isa = PBXTargetDependency;
			target = BFC8D8402EEDF000004235B2 /* MistShareExtension */;
			targetProxy = BFC8D8482EEDF000004235B2 /* PBXContainerItemProxy */;
		};
/* End PBXTargetDependency section */

/* Begin XCBuildConfiguration section */
		BFC8D5FC2EEDA415004235B2 /* Debug */ = {
			isa = XCBuildConfiguration;
			buildSettings = {
				ALWAYS_SEARCH_USER_PATHS = NO;
				ASSETCATALOG_COMPILER_GENERATE_SWIFT_ASSET_SYMBOL_EXTENSIONS = YES;
				CLANG_ANALYZER_NONNULL = YES;
				CLANG_ANALYZER_NUMBER_OBJECT_CONVERSION = YES_AGGRESSIVE;
				CLANG_CXX_LANGUAGE_STANDARD = "gnu++20";
				CLANG_ENABLE_MODULES = YES;
				CLANG_ENABLE_OBJC_ARC = YES;
				CLANG_ENABLE_OBJC_WEAK = YES;
				CLANG_WARN_BLOCK_CAPTURE_AUTORELEASING = YES;
				CLANG_WARN_BOOL_CONVERSION = YES;
				CLANG_WARN_COMMA = YES;
				CLANG_WARN_CONSTANT_CONVERSION = YES;
				CLANG_WARN_DEPRECATED_OBJC_IMPLEMENTATIONS = YES;
				CLANG_WARN_DIRECT_OBJC_ISA_USAGE = YES_ERROR;
				CLANG_WARN_DOCUMENTATION_COMMENTS = YES;
				CLANG_WARN_EMPTY_BODY = YES;
				CLANG_WARN_ENUM_CONVERSION = YES;
				CLANG_WARN_INFINITE_RECURSION = YES;
				CLANG_WARN_INT_CONVERSION = YES;
				CLANG_WARN_NON_LITERAL_NULL_CONVERSION = YES;
				CLANG_WARN_OBJC_IMPLICIT_RETAIN_SELF = YES;
				CLANG_WARN_OBJC_LITERAL_CONVERSION = YES;
				CLANG_WARN_OBJC_ROOT_CLASS = YES_ERROR;
				CLANG_WARN_QUOTED_INCLUDE_IN_FRAMEWORK_HEADER = YES;
				CLANG_WARN_RANGE_LOOP_ANALYSIS = YES;
				CLANG_WARN_STRICT_PROTOTYPES = YES;
				CLANG_WARN_SUSPICIOUS_MOVE = YES;
				CLANG_WARN_UNGUARDED_AVAILABILITY = YES_AGGRESSIVE;
				CLANG_WARN_UNREACHABLE_CODE = YES;
				CLANG_WARN__DUPLICATE_METHOD_MATCH = YES;
				COPY_PHASE_STRIP = NO;
				DEBUG_INFORMATION_FORMAT = dwarf;
				DEVELOPMENT_TEAM = ZDY6H3JN3N;
				ENABLE_STRICT_OBJC_MSGSEND = YES;
				ENABLE_TESTABILITY = YES;
				ENABLE_USER_SCRIPT_SANDBOXING = YES;
				GCC_C_LANGUAGE_STANDARD = gnu17;
				GCC_DYNAMIC_NO_PIC = NO;
				GCC_NO_COMMON_BLOCKS = YES;
				GCC_OPTIMIZATION_LEVEL = 0;
				GCC_PREPROCESSOR_DEFINITIONS = (
					"DEBUG=1",
					"$(inherited)",
				);
				GCC_WARN_64_TO_32_BIT_CONVERSION = YES;
				GCC_WARN_ABOUT_RETURN_TYPE = YES_ERROR;
				GCC_WARN_UNDECLARED_SELECTOR = YES;
				GCC_WARN_UNINITIALIZED_AUTOS = YES_AGGRESSIVE;
				GCC_WARN_UNUSED_FUNCTION = YES;
				GCC_WARN_UNUSED_VARIABLE = YES;
				LOCALIZATION_PREFERS_STRING_CATALOGS = YES;
				MACOSX_DEPLOYMENT_TARGET = 26.2;
				MTL_ENABLE_DEBUG_INFO = INCLUDE_SOURCE;
				MTL_FAST_MATH = YES;
				ONLY_ACTIVE_ARCH = YES;
				SDKROOT = macosx;
				SWIFT_ACTIVE_COMPILATION_CONDITIONS = "DEBUG $(inherited)";
				SWIFT_OPTIMIZATION_LEVEL = "-Onone";
			};
			name = Debug;
		};
		BFC8D5FD2EEDA415004235B2 /* Release */ = {
			isa = XCBuildConfiguration;
			buildSettings = {
				ALWAYS_SEARCH_USER_PATHS = NO;
				ASSETCATALOG_COMPILER_GENERATE_SWIFT_ASSET_SYMBOL_EXTENSIONS = YES;
				CLANG_ANALYZER_NONNULL = YES;
				CLANG_ANALYZER_NUMBER_OBJECT_CONVERSION = YES_AGGRESSIVE;
				CLANG_CXX_LANGUAGE_STANDARD = "gnu++20";
				CLANG_ENABLE_MODULES = YES;
				CLANG_ENABLE_OBJC_ARC = YES;
				CLANG_ENABLE_OBJC_WEAK = YES;
				CLANG_WARN_BLOCK_CAPTURE_AUTORELEASING = YES;
				CLANG_WARN_BOOL_CONVERSION = YES;
				CLANG_WARN_COMMA = YES;
				CLANG_WARN_CONSTANT_CONVERSION = YES;
				CLANG_WARN_DEPRECATED_OBJC_IMPLEMENTATIONS = YES;
				CLANG_WARN_DIRECT_OBJC_ISA_USAGE = YES_ERROR;
				CLANG_WARN_DOCUMENTATION_COMMENTS = YES;
				CLANG_WARN_EMPTY_BODY = YES;
				CLANG_WARN_ENUM_CONVERSION = YES;
				CLANG_WARN_INFINITE_RECURSION = YES;
				CLANG_WARN_INT_CONVERSION = YES;
				CLANG_WARN_NON_LITERAL_NULL_CONVERSION = YES;
				CLANG_WARN_OBJC_IMPLICIT_RETAIN_SELF = YES;
				CLANG_WARN_OBJC_LITERAL_CONVERSION = YES;
				CLANG_WARN_OBJC_ROOT_CLASS = YES_ERROR;
				CLANG_WARN_QUOTED_INCLUDE_IN_FRAMEWORK_HEADER = YES;
				CLANG_WARN_RANGE_LOOP_ANALYSIS = YES;
				CLANG_WARN_STRICT_PROTOTYPES = YES;
				CLANG_WARN_SUSPICIOUS_MOVE = YES;
				CLANG_WARN_UNGUARDED_AVAILABILITY = YES_AGGRESSIVE;
				CLANG_WARN_UNREACHABLE_CODE = YES;
				CLANG_WARN__DUPLICATE_METHOD_MATCH = YES;
				COPY_PHASE_STRIP = NO;
				DEBUG_INFORMATION_FORMAT = "dwarf-with-dsym";
				DEVELOPMENT_TEAM = ZDY6H3JN3N;
				ENABLE_NS_ASSERTIONS = NO;
				ENABLE_STRICT_OBJC_MSGSEND = YES;
				ENABLE_USER_SCRIPT_SANDBOXING = YES;
				GCC_C_LANGUAGE_STANDARD = gnu17;
				GCC_NO_COMMON_BLOCKS = YES;
				GCC_WARN_64_TO_32_BIT_CONVERSION = YES;
				GCC_WARN_ABOUT_RETURN_TYPE = YES_ERROR;
				GCC_WARN_UNDECLARED_SELECTOR = YES;
				GCC_WARN_UNINITIALIZED_AUTOS = YES_AGGRESSIVE;
				GCC_WARN_UNUSED_FUNCTION = YES;
				GCC_WARN_UNUSED_VARIABLE = YES;
				LOCALIZATION_PREFERS_STRING_CATALOGS = YES;
				MACOSX_DEPLOYMENT_TARGET = 26.2;
				MTL_ENABLE_DEBUG_INFO = NO;
				MTL_FAST_MATH = YES;
				SDKROOT = macosx;
				SWIFT_COMPILATION_MODE = wholemodule;
			};
			name = Release;
		};
		BFC8D5FF2EEDA415004235B2 /* Debug */ = {
			isa = XCBuildConfiguration;
			buildSettings = {
				ASSETCATALOG_COMPILER_APPICON_NAME = AppIcon;
				ASSETCATALOG_COMPILER_GLOBAL_ACCENT_COLOR_NAME = AccentColor;
				CODE_SIGN_ENTITLEMENTS = Mist/Mist.entitlements;
				CODE_SIGN_STYLE = Automatic;
				COMBINE_HIDPI_IMAGES = YES;
				CURRENT_PROJECT_VERSION = 2;
				DEVELOPMENT_TEAM = ZDY6H3JN3N;
				ENABLE_APP_SANDBOX = YES;
				ENABLE_HARDENED_RUNTIME = YES;
				ENABLE_USER_SELECTED_FILES = readonly;
				GENERATE_INFOPLIST_FILE = YES;
				INFOPLIST_FILE = Mist/Info.plist;
				INFOPLIST_KEY_CFBundleDisplayName = Mist;
				INFOPLIST_KEY_ITSAppUsesNonExemptEncryption = NO;
				INFOPLIST_KEY_LSApplicationCategoryType = "public.app-category.developer-tools";
				INFOPLIST_KEY_LSUIElement = YES;
				INFOPLIST_KEY_NSHumanReadableCopyright = "Copyright 2025. All rights reserved.";
				INFOPLIST_KEY_NSPrincipalClass = NSApplication;
				LD_RUNPATH_SEARCH_PATHS = (
					"$(inherited)",
					"@executable_path/../Frameworks",
				);
				MACOSX_DEPLOYMENT_TARGET = 14.6;
				MARKETING_VERSION = 1.0.0;
				PRODUCT_BUNDLE_IDENTIFIER = nz.owo.Mist;
				PRODUCT_NAME = "$(TARGET_NAME)";
				REGISTER_APP_GROUPS = YES;
			};
			name = Debug;
		};
		BFC8D6002EEDA415004235B2 /* Release */ = {
			isa = XCBuildConfiguration;
			buildSettings = {
				ASSETCATALOG_COMPILER_APPICON_NAME = AppIcon;
				ASSETCATALOG_COMPILER_GLOBAL_ACCENT_COLOR_NAME = AccentColor;
				CODE_SIGN_ENTITLEMENTS = Mist/Mist.entitlements;
				CODE_SIGN_STYLE = Automatic;
				COMBINE_HIDPI_IMAGES = YES;
				CURRENT_PROJECT_VERSION = 2;
				DEVELOPMENT_TEAM = ZDY6H3JN3N;
				ENABLE_APP_SANDBOX = YES;
				ENABLE_HARDENED_RUNTIME = YES;
				ENABLE_USER_SELECTED_FILES = readonly;
				GENERATE_INFOPLIST_FILE = YES;
				INFOPLIST_FILE = Mist/Info.plist;
				INFOPLIST_KEY_CFBundleDisplayName = Mist;
				INFOPLIST_KEY_ITSAppUsesNonExemptEncryption = NO;
				INFOPLIST_KEY_LSApplicationCategoryType = "public.app-category.developer-tools";
				INFOPLIST_KEY_LSUIElement = YES;
				INFOPLIST_KEY_NSHumanReadableCopyright = "Copyright 2025. All rights reserved.";
				INFOPLIST_KEY_NSPrincipalClass = NSApplication;
				LD_RUNPATH_SEARCH_PATHS = (
					"$(inherited)",
					"@executable_path/../Frameworks",
				);
				MACOSX_DEPLOYMENT_TARGET = 14.6;
				MARKETING_VERSION = 1.0.0;
				PRODUCT_BUNDLE_IDENTIFIER = nz.owo.Mist;
				PRODUCT_NAME = "$(TARGET_NAME)";
				REGISTER_APP_GROUPS = YES;
			};
			name = Release;
		};
		BFC8D8422EEDF000004235B2 /* Debug */ = {
			isa = XCBuildConfiguration;
			buildSettings = {
				APPLICATION_EXTENSION_API_ONLY = YES;
				CLANG_ENABLE_OBJC_ARC = YES;
				CODE_SIGN_ENTITLEMENTS = ShareExtension/ShareExtension.entitlements;
				CODE_SIGN_STYLE = Automatic;
				CURRENT_PROJECT_VERSION = 1;
				DEVELOPMENT_TEAM = ZDY6H3JN3N;
				INFOPLIST_FILE = ShareExtension/Info.plist;
				LD_RUNPATH_SEARCH_PATHS = (
					"$(inherited)",
					"@executable_path/../Frameworks",
					"@executable_path/../../Frameworks",
				);
				MACOSX_DEPLOYMENT_TARGET = 14.6;
				MARKETING_VERSION = 1.0.0;
				PRODUCT_BUNDLE_IDENTIFIER = nz.owo.Mist.ShareExtension;
				PRODUCT_NAME = "$(TARGET_NAME)";
				SKIP_INSTALL = YES;
			};
			name = Debug;
		};
		BFC8D8432EEDF000004235B2 /* Release */ = {
			isa = XCBuildConfiguration;
			buildSettings = {
				APPLICATION_EXTENSION_API_ONLY = YES;
				CLANG_ENABLE_OBJC_ARC = YES;
				CODE_SIGN_ENTITLEMENTS = ShareExtension/ShareExtension.entitlements;
				CODE_SIGN_STYLE = Automatic;
				CURRENT_PROJECT_VERSION = 1;
				DEVELOPMENT_TEAM = ZDY6H3JN3N;
				INFOPLIST_FILE = ShareExtension/Info.plist;
				LD_RUNPATH_SEARCH_PATHS = (
					"$(inherited)",
					"@executable_path/../Frameworks",
					"@executable_path/../../Frameworks",
				);
				MACOSX_DEPLOYMENT_TARGET = 14.6;
				MARKETING_VERSION = 1.0.0;
				PRODUCT_BUNDLE_IDENTIFIER = nz.owo.Mist.ShareExtension;
				PRODUCT_NAME = "$(TARGET_NAME)";
				SKIP_INSTALL = YES;
			};
			name = Release;
		};
/* End XCBuildConfiguration section */

/* Begin XCConfigurationList section */
		BFC8D5EE2EEDA414004235B2 /* Build configuration list for PBXProject "Mist" */ = {
			isa = XCConfigurationList;
			buildConfigurations = (
				BFC8D5FC2EEDA415004235B2 /* Debug */,
				BFC8D5FD2EEDA415004235B2 /* Release */,
			);
			defaultConfigurationIsVisible = 0;
			defaultConfigurationName = Release;
		};
		BFC8D5FE2EEDA415004235B2 /* Build configuration list for PBXNativeTarget "Mist" */ = {
			isa = XCConfigurationList;
			buildConfigurations = (
				BFC8D5FF2EEDA415004235B2 /* Debug */,
				BFC8D6002EEDA415004235B2 /* Release */,
			);
			defaultConfigurationIsVisible = 0;
			defaultConfigurationName = Release;
		};
		BFC8D8442EEDF000004235B2 /* Build configuration list for PBXNativeTarget "MistShareExtension" */ = {
			isa = XCConfigurationList;
			buildConfigurations = (
				BFC8D8422EEDF000004235B2 /* Debug */,
				BFC8D8432EEDF000004235B2 /* Release */,
			);
			defaultConfigurationIsVisible = 0;
			defaultConfigurationName = Release;
		};
/* End XCConfigurationList section */
	};
	rootObject = BFC8D5EB2EEDA414004235B2 /* Project object */;
}
